
Microsoft Visual Studio Solution File, Format Version 12.00
Project("{FAE04EC0-301F-11D3-BF4B-00C04F79EFBC}") = "PowerUp_API", "PowerUp_API\PowerUp_API.csproj", "{C71CA318-BC82-4F52-9BDE-BC3F4F29AD71}"
EndProject
Global
	GlobalSection(SolutionConfigurationPlatforms) = preSolution
		Debug|Any CPU = Debug|Any CPU
		Release|Any CPU = Release|Any CPU
	EndGlobalSection
	GlobalSection(ProjectConfigurationPlatforms) = postSolution
		{C71CA318-BC82-4F52-9BDE-BC3F4F29AD71}.Debug|Any CPU.ActiveCfg = Debug|Any CPU
		{C71CA318-BC82-4F52-9BDE-BC3F4F29AD71}.Debug|Any CPU.Build.0 = Debug|Any CPU
		{C71CA318-BC82-4F52-9BDE-BC3F4F29AD71}.Release|Any CPU.ActiveCfg = Release|Any CPU
		{C71CA318-BC82-4F52-9BDE-BC3F4F29AD71}.Release|Any CPU.Build.0 = Release|Any CPU
	EndGlobalSection
EndGlobal
